
Microsoft Visual Studio Solution File, Format Version 12.00
# Visual Studio Version 17
VisualStudioVersion = 17.10.34928.147
MinimumVisualStudioVersion = 10.0.40219.1
Project("{FAE04EC0-301F-11D3-BF4B-00C04F79EFBC}") = "BooksStore", "BooksStore\BooksStore.csproj", "{B877EC8B-1EF2-46DC-B437-4FD0008A74D8}"
EndProject
Project("{FAE04EC0-301F-11D3-BF4B-00C04F79EFBC}") = "BooksStore.Blazor.Components", "BooksStore.Blazor.Components\BooksStore.Blazor.Components.csproj", "{05F01FF6-8E10-48B5-9E7A-5386838D75C6}"
EndProject
Global
	GlobalSection(SolutionConfigurationPlatforms) = preSolution
		Debug|Any CPU = Debug|Any CPU
		Release|Any CPU = Release|Any CPU
	EndGlobalSection
	GlobalSection(ProjectConfigurationPlatforms) = postSolution
		{B877EC8B-1EF2-46DC-B437-4FD0008A74D8}.Debug|Any CPU.ActiveCfg = Debug|Any CPU
		{B877EC8B-1EF2-46DC-B437-4FD0008A74D8}.Debug|Any CPU.Build.0 = Debug|Any CPU
		{B877EC8B-1EF2-46DC-B437-4FD0008A74D8}.Release|Any CPU.ActiveCfg = Release|Any CPU
		{B877EC8B-1EF2-46DC-B437-4FD0008A74D8}.Release|Any CPU.Build.0 = Release|Any CPU
		{05F01FF6-8E10-48B5-9E7A-5386838D75C6}.Debug|Any CPU.ActiveCfg = Debug|Any CPU
		{05F01FF6-8E10-48B5-9E7A-5386838D75C6}.Debug|Any CPU.Build.0 = Debug|Any CPU
		{05F01FF6-8E10-48B5-9E7A-5386838D75C6}.Release|Any CPU.ActiveCfg = Release|Any CPU
		{05F01FF6-8E10-48B5-9E7A-5386838D75C6}.Release|Any CPU.Build.0 = Release|Any CPU
	EndGlobalSection
	GlobalSection(SolutionProperties) = preSolution
		HideSolutionNode = FALSE
	EndGlobalSection
	GlobalSection(ExtensibilityGlobals) = postSolution
		SolutionGuid = {A6B3C706-DFBA-4075-943F-341FB52FCF24}
	EndGlobalSection
EndGlobal
